
Microsoft Visual Studio Solution File, Format Version 12.00
# Visual Studio 14
VisualStudioVersion = 14.0.25420.1
MinimumVisualStudioVersion = 10.0.40219.1
Project("{8BC9CEB8-8B4A-11D0-8D11-00A0C91BC942}") = "OpenCV调用及Mat基本操作", "OpenCV调用及Mat基本操作\OpenCV调用及Mat基本操作.vcxproj", "{AB5EB888-D9FE-4AB0-BEE7-1F0F0FD15FCA}"
EndProject
Project("{8BC9CEB8-8B4A-11D0-8D11-00A0C91BC942}") = "算法计时及文档编写", "算法计时及文档编写\算法计时及文档编写.vcxproj", "{0831E1BB-E7AB-4498-877D-750CB8924E16}"
EndProject
Global
	GlobalSection(SolutionConfigurationPlatforms) = preSolution
		Debug|x64 = Debug|x64
		Debug|x86 = Debug|x86
		Release|x64 = Release|x64
		Release|x86 = Release|x86
	EndGlobalSection
	GlobalSection(ProjectConfigurationPlatforms) = postSolution
		{AB5EB888-D9FE-4AB0-BEE7-1F0F0FD15FCA}.Debug|x64.ActiveCfg = Debug|x64
		{AB5EB888-D9FE-4AB0-BEE7-1F0F0FD15FCA}.Debug|x64.Build.0 = Debug|x64
		{AB5EB888-D9FE-4AB0-BEE7-1F0F0FD15FCA}.Debug|x86.ActiveCfg = Debug|Win32
		{AB5EB888-D9FE-4AB0-BEE7-1F0F0FD15FCA}.Debug|x86.Build.0 = Debug|Win32
		{AB5EB888-D9FE-4AB0-BEE7-1F0F0FD15FCA}.Release|x64.ActiveCfg = Release|x64
		{AB5EB888-D9FE-4AB0-BEE7-1F0F0FD15FCA}.Release|x64.Build.0 = Release|x64
		{AB5EB888-D9FE-4AB0-BEE7-1F0F0FD15FCA}.Release|x86.ActiveCfg = Release|Win32
		{AB5EB888-D9FE-4AB0-BEE7-1F0F0FD15FCA}.Release|x86.Build.0 = Release|Win32
		{0831E1BB-E7AB-4498-877D-750CB8924E16}.Debug|x64.ActiveCfg = Debug|x64
		{0831E1BB-E7AB-4498-877D-750CB8924E16}.Debug|x64.Build.0 = Debug|x64
		{0831E1BB-E7AB-4498-877D-750CB8924E16}.Debug|x86.ActiveCfg = Debug|Win32
		{0831E1BB-E7AB-4498-877D-750CB8924E16}.Debug|x86.Build.0 = Debug|Win32
		{0831E1BB-E7AB-4498-877D-750CB8924E16}.Release|x64.ActiveCfg = Release|x64
		{0831E1BB-E7AB-4498-877D-750CB8924E16}.Release|x64.Build.0 = Release|x64
		{0831E1BB-E7AB-4498-877D-750CB8924E16}.Release|x86.ActiveCfg = Release|Win32
		{0831E1BB-E7AB-4498-877D-750CB8924E16}.Release|x86.Build.0 = Release|Win32
	EndGlobalSection
	GlobalSection(SolutionProperties) = preSolution
		HideSolutionNode = FALSE
	EndGlobalSection
EndGlobal
